// !$*UTF8*$!
{
	archiveVersion = 1;
	classes = {
	};
	objectVersion = 56;
	objects = {

/* Begin PBXBuildFile section */
		D76756A52A7FCB41007FC1CC /* AppDelegate.swift in Sources */ = {isa = PBXBuildFile; fileRef = D76756A42A7FCB41007FC1CC /* AppDelegate.swift */; };
		D76756A72A7FCB41007FC1CC /* SceneDelegate.swift in Sources */ = {isa = PBXBuildFile; fileRef = D76756A62A7FCB41007FC1CC /* SceneDelegate.swift */; };
		D76756AC2A7FCB41007FC1CC /* Main.storyboard in Resources */ = {isa = PBXBuildFile; fileRef = D76756AA2A7FCB41007FC1CC /* Main.storyboard */; };
		D76756AE2A7FCB43007FC1CC /* Assets.xcassets in Resources */ = {isa = PBXBuildFile; fileRef = D76756AD2A7FCB43007FC1CC /* Assets.xcassets */; };
		D76756B12A7FCB43007FC1CC /* LaunchScreen.storyboard in Resources */ = {isa = PBXBuildFile; fileRef = D76756AF2A7FCB43007FC1CC /* LaunchScreen.storyboard */; };
		D7E327672A808A580094317B /* IntroViewController.swift in Sources */ = {isa = PBXBuildFile; fileRef = D7E327662A808A580094317B /* IntroViewController.swift */; };
		D7E327692A808ABA0094317B /* QuizViewController.swift in Sources */ = {isa = PBXBuildFile; fileRef = D7E327682A808ABA0094317B /* QuizViewController.swift */; };
		D7E3276B2A808AE40094317B /* ResultViewController.swift in Sources */ = {isa = PBXBuildFile; fileRef = D7E3276A2A808AE40094317B /* ResultViewController.swift */; };
		D7E3276D2A8090530094317B /* Flower.swift in Sources */ = {isa = PBXBuildFile; fileRef = D7E3276C2A8090530094317B /* Flower.swift */; };
		D7E327712A8099920094317B /* Quiz.swift in Sources */ = {isa = PBXBuildFile; fileRef = D7E327702A8099920094317B /* Quiz.swift */; };
		D7E327732A809B4A0094317B /* Trait.swift in Sources */ = {isa = PBXBuildFile; fileRef = D7E327722A809B4A0094317B /* Trait.swift */; };
		D7E327752A809C350094317B /* Option.swift in Sources */ = {isa = PBXBuildFile; fileRef = D7E327742A809C350094317B /* Option.swift */; };
/* End PBXBuildFile section */

/* Begin PBXFileReference section */
		D76756A12A7FCB41007FC1CC /* PsycholTest.app */ = {isa = PBXFileReference; explicitFileType = wrapper.application; includeInIndex = 0; path = PsycholTest.app; sourceTree = BUILT_PRODUCTS_DIR; };
		D76756A42A7FCB41007FC1CC /* AppDelegate.swift */ = {isa = PBXFileReference; lastKnownFileType = sourcecode.swift; path = AppDelegate.swift; sourceTree = "<group>"; };
		D76756A62A7FCB41007FC1CC /* SceneDelegate.swift */ = {isa = PBXFileReference; lastKnownFileType = sourcecode.swift; path = SceneDelegate.swift; sourceTree = "<group>"; };
		D76756AB2A7FCB41007FC1CC /* Base */ = {isa = PBXFileReference; lastKnownFileType = file.storyboard; name = Base; path = Base.lproj/Main.storyboard; sourceTree = "<group>"; };
		D76756AD2A7FCB43007FC1CC /* Assets.xcassets */ = {isa = PBXFileReference; lastKnownFileType = folder.assetcatalog; path = Assets.xcassets; sourceTree = "<group>"; };
		D76756B02A7FCB43007FC1CC /* Base */ = {isa = PBXFileReference; lastKnownFileType = file.storyboard; name = Base; path = Base.lproj/LaunchScreen.storyboard; sourceTree = "<group>"; };
		D76756B22A7FCB43007FC1CC /* Info.plist */ = {isa = PBXFileReference; lastKnownFileType = text.plist.xml; path = Info.plist; sourceTree = "<group>"; };
		D7E327662A808A580094317B /* IntroViewController.swift */ = {isa = PBXFileReference; lastKnownFileType = sourcecode.swift; path = IntroViewController.swift; sourceTree = "<group>"; };
		D7E327682A808ABA0094317B /* QuizViewController.swift */ = {isa = PBXFileReference; lastKnownFileType = sourcecode.swift; path = QuizViewController.swift; sourceTree = "<group>"; };
		D7E3276A2A808AE40094317B /* ResultViewController.swift */ = {isa = PBXFileReference; lastKnownFileType = sourcecode.swift; path = ResultViewController.swift; sourceTree = "<group>"; };
		D7E3276C2A8090530094317B /* Flower.swift */ = {isa = PBXFileReference; lastKnownFileType = sourcecode.swift; path = Flower.swift; sourceTree = "<group>"; };
		D7E327702A8099920094317B /* Quiz.swift */ = {isa = PBXFileReference; lastKnownFileType = sourcecode.swift; path = Quiz.swift; sourceTree = "<group>"; };
		D7E327722A809B4A0094317B /* Trait.swift */ = {isa = PBXFileReference; lastKnownFileType = sourcecode.swift; path = Trait.swift; sourceTree = "<group>"; };
		D7E327742A809C350094317B /* Option.swift */ = {isa = PBXFileReference; lastKnownFileType = sourcecode.swift; path = Option.swift; sourceTree = "<group>"; };
/* End PBXFileReference section */

/* Begin PBXFrameworksBuildPhase section */
		D767569E2A7FCB41007FC1CC /* Frameworks */ = {
			isa = PBXFrameworksBuildPhase;
			buildActionMask = 2147483647;
			files = (
			);
			runOnlyForDeploymentPostprocessing = 0;
		};
/* End PBXFrameworksBuildPhase section */

/* Begin PBXGroup section */
		D76756982A7FCB41007FC1CC = {
			isa = PBXGroup;
			children = (
				D76756A32A7FCB41007FC1CC /* PsycholTest */,
				D76756A22A7FCB41007FC1CC /* Products */,
			);
			sourceTree = "<group>";
		};
		D76756A22A7FCB41007FC1CC /* Products */ = {
			isa = PBXGroup;
			children = (
				D76756A12A7FCB41007FC1CC /* PsycholTest.app */,
			);
			name = Products;
			sourceTree = "<group>";
		};
		D76756A32A7FCB41007FC1CC /* PsycholTest */ = {
			isa = PBXGroup;
			children = (
				D7E3276E2A8090600094317B /* Model */,
				D7E3276F2A8090720094317B /* Controller */,
				D76756A42A7FCB41007FC1CC /* AppDelegate.swift */,
				D76756A62A7FCB41007FC1CC /* SceneDelegate.swift */,
				D76756AA2A7FCB41007FC1CC /* Main.storyboard */,
				D76756AD2A7FCB43007FC1CC /* Assets.xcassets */,
				D76756AF2A7FCB43007FC1CC /* LaunchScreen.storyboard */,
				D76756B22A7FCB43007FC1CC /* Info.plist */,
			);
			path = PsycholTest;
			sourceTree = "<group>";
		};
		D7E3276E2A8090600094317B /* Model */ = {
			isa = PBXGroup;
			children = (
				D7E3276C2A8090530094317B /* Flower.swift */,
				D7E327702A8099920094317B /* Quiz.swift */,
				D7E327722A809B4A0094317B /* Trait.swift */,
				D7E327742A809C350094317B /* Option.swift */,
			);
			path = Model;
			sourceTree = "<group>";
		};
		D7E3276F2A8090720094317B /* Controller */ = {
			isa = PBXGroup;
			children = (
				D7E3276A2A808AE40094317B /* ResultViewController.swift */,
				D7E327682A808ABA0094317B /* QuizViewController.swift */,
				D7E327662A808A580094317B /* IntroViewController.swift */,
			);
			path = Controller;
			sourceTree = "<group>";
		};
/* End PBXGroup section */

/* Begin PBXNativeTarget section */
		D76756A02A7FCB41007FC1CC /* PsycholTest */ = {
			isa = PBXNativeTarget;
			buildConfigurationList = D76756B52A7FCB43007FC1CC /* Build configuration list for PBXNativeTarget "PsycholTest" */;
			buildPhases = (
				D767569D2A7FCB41007FC1CC /* Sources */,
				D767569E2A7FCB41007FC1CC /* Frameworks */,
				D767569F2A7FCB41007FC1CC /* Resources */,
			);
			buildRules = (
			);
			dependencies = (
			);
			name = PsycholTest;
			productName = PsycholTest;
			productReference = D76756A12A7FCB41007FC1CC /* PsycholTest.app */;
			productType = "com.apple.product-type.application";
		};
/* End PBXNativeTarget section */

/* Begin PBXProject section */
		D76756992A7FCB41007FC1CC /* Project object */ = {
			isa = PBXProject;
			attributes = {
				BuildIndependentTargetsInParallel = 1;
				LastSwiftUpdateCheck = 1500;
				LastUpgradeCheck = 1500;
				TargetAttributes = {
					D76756A02A7FCB41007FC1CC = {
						CreatedOnToolsVersion = 15.0;
					};
				};
			};
			buildConfigurationList = D767569C2A7FCB41007FC1CC /* Build configuration list for PBXProject "PsycholTest" */;
			compatibilityVersion = "Xcode 14.0";
			developmentRegion = en;
			hasScannedForEncodings = 0;
			knownRegions = (
				en,
				Base,
			);
			mainGroup = D76756982A7FCB41007FC1CC;
			productRefGroup = D76756A22A7FCB41007FC1CC /* Products */;
			projectDirPath = "";
			projectRoot = "";
			targets = (
				D76756A02A7FCB41007FC1CC /* PsycholTest */,
			);
		};
/* End PBXProject section */

/* Begin PBXResourcesBuildPhase section */
		D767569F2A7FCB41007FC1CC /* Resources */ = {
			isa = PBXResourcesBuildPhase;
			buildActionMask = 2147483647;
			files = (
				D76756B12A7FCB43007FC1CC /* LaunchScreen.storyboard in Resources */,
				D76756AE2A7FCB43007FC1CC /* Assets.xcassets in Resources */,
				D76756AC2A7FCB41007FC1CC /* Main.storyboard in Resources */,
			);
			runOnlyForDeploymentPostprocessing = 0;
		};
/* End PBXResourcesBuildPhase section */

/* Begin PBXSourcesBuildPhase section */
		D767569D2A7FCB41007FC1CC /* Sources */ = {
			isa = PBXSourcesBuildPhase;
			buildActionMask = 2147483647;
			files = (
				D7E3276B2A808AE40094317B /* ResultViewController.swift in Sources */,
				D76756A52A7FCB41007FC1CC /* AppDelegate.swift in Sources */,
				D7E327732A809B4A0094317B /* Trait.swift in Sources */,
				D7E327712A8099920094317B /* Quiz.swift in Sources */,
				D7E3276D2A8090530094317B /* Flower.swift in Sources */,
				D76756A72A7FCB41007FC1CC /* SceneDelegate.swift in Sources */,
				D7E327672A808A580094317B /* IntroViewController.swift in Sources */,
				D7E327752A809C350094317B /* Option.swift in Sources */,
				D7E327692A808ABA0094317B /* QuizViewController.swift in Sources */,
			);
			runOnlyForDeploymentPostprocessing = 0;
		};
/* End PBXSourcesBuildPhase section */

/* Begin PBXVariantGroup section */
		D76756AA2A7FCB41007FC1CC /* Main.storyboard */ = {
			isa = PBXVariantGroup;
			children = (
				D76756AB2A7FCB41007FC1CC /* Base */,
			);
			name = Main.storyboard;
			sourceTree = "<group>";
		};
		D76756AF2A7FCB43007FC1CC /* LaunchScreen.storyboard */ = {
			isa = PBXVariantGroup;
			children = (
				D76756B02A7FCB43007FC1CC /* Base */,
			);
			name = LaunchScreen.storyboard;
			sourceTree = "<group>";
		};
/* End PBXVariantGroup section */

/* Begin XCBuildConfiguration section */
		D76756B32A7FCB43007FC1CC /* Debug */ = {
			isa = XCBuildConfiguration;
			buildSettings = {
				ALWAYS_SEARCH_USER_PATHS = NO;
				ASSETCATALOG_COMPILER_GENERATE_SWIFT_ASSET_SYMBOL_EXTENSIONS = YES;
				CLANG_ANALYZER_NONNULL = YES;
				CLANG_ANALYZER_NUMBER_OBJECT_CONVERSION = YES_AGGRESSIVE;
				CLANG_CXX_LANGUAGE_STANDARD = "gnu++20";
				CLANG_ENABLE_MODULES = YES;
				CLANG_ENABLE_OBJC_ARC = YES;
				CLANG_ENABLE_OBJC_WEAK = YES;
				CLANG_WARN_BLOCK_CAPTURE_AUTORELEASING = YES;
				CLANG_WARN_BOOL_CONVERSION = YES;
				CLANG_WARN_COMMA = YES;
				CLANG_WARN_CONSTANT_CONVERSION = YES;
				CLANG_WARN_DEPRECATED_OBJC_IMPLEMENTATIONS = YES;
				CLANG_WARN_DIRECT_OBJC_ISA_USAGE = YES_ERROR;
				CLANG_WARN_DOCUMENTATION_COMMENTS = YES;
				CLANG_WARN_EMPTY_BODY = YES;
				CLANG_WARN_ENUM_CONVERSION = YES;
				CLANG_WARN_INFINITE_RECURSION = YES;
				CLANG_WARN_INT_CONVERSION = YES;
				CLANG_WARN_NON_LITERAL_NULL_CONVERSION = YES;
				CLANG_WARN_OBJC_IMPLICIT_RETAIN_SELF = YES;
				CLANG_WARN_OBJC_LITERAL_CONVERSION = YES;
				CLANG_WARN_OBJC_ROOT_CLASS = YES_ERROR;
				CLANG_WARN_QUOTED_INCLUDE_IN_FRAMEWORK_HEADER = YES;
				CLANG_WARN_RANGE_LOOP_ANALYSIS = YES;
				CLANG_WARN_STRICT_PROTOTYPES = YES;
				CLANG_WARN_SUSPICIOUS_MOVE = YES;
				CLANG_WARN_UNGUARDED_AVAILABILITY = YES_AGGRESSIVE;
				CLANG_WARN_UNREACHABLE_CODE = YES;
				CLANG_WARN__DUPLICATE_METHOD_MATCH = YES;
				COPY_PHASE_STRIP = NO;
				DEBUG_INFORMATION_FORMAT = dwarf;
				ENABLE_STRICT_OBJC_MSGSEND = YES;
				ENABLE_TESTABILITY = YES;
				ENABLE_USER_SCRIPT_SANDBOXING = YES;
				GCC_C_LANGUAGE_STANDARD = gnu17;
				GCC_DYNAMIC_NO_PIC = NO;
				GCC_NO_COMMON_BLOCKS = YES;
				GCC_OPTIMIZATION_LEVEL = 0;
				GCC_PREPROCESSOR_DEFINITIONS = (
					"DEBUG=1",
					"$(inherited)",
				);
				GCC_WARN_64_TO_32_BIT_CONVERSION = YES;
				GCC_WARN_ABOUT_RETURN_TYPE = YES_ERROR;
				GCC_WARN_UNDECLARED_SELECTOR = YES;
				GCC_WARN_UNINITIALIZED_AUTOS = YES_AGGRESSIVE;
				GCC_WARN_UNUSED_FUNCTION = YES;
				GCC_WARN_UNUSED_VARIABLE = YES;
				IPHONEOS_DEPLOYMENT_TARGET = 17.0;
				LOCALIZATION_PREFERS_STRING_CATALOGS = YES;
				MTL_ENABLE_DEBUG_INFO = INCLUDE_SOURCE;
				MTL_FAST_MATH = YES;
				ONLY_ACTIVE_ARCH = YES;
				SDKROOT = iphoneos;
				SWIFT_ACTIVE_COMPILATION_CONDITIONS = "DEBUG $(inherited)";
				SWIFT_OPTIMIZATION_LEVEL = "-Onone";
			};
			name = Debug;
		};
		D76756B42A7FCB43007FC1CC /* Release */ = {
			isa = XCBuildConfiguration;
			buildSettings = {
				ALWAYS_SEARCH_USER_PATHS = NO;
				ASSETCATALOG_COMPILER_GENERATE_SWIFT_ASSET_SYMBOL_EXTENSIONS = YES;
				CLANG_ANALYZER_NONNULL = YES;
				CLANG_ANALYZER_NUMBER_OBJECT_CONVERSION = YES_AGGRESSIVE;
				CLANG_CXX_LANGUAGE_STANDARD = "gnu++20";
				CLANG_ENABLE_MODULES = YES;
				CLANG_ENABLE_OBJC_ARC = YES;
				CLANG_ENABLE_OBJC_WEAK = YES;
				CLANG_WARN_BLOCK_CAPTURE_AUTORELEASING = YES;
				CLANG_WARN_BOOL_CONVERSION = YES;
				CLANG_WARN_COMMA = YES;
				CLANG_WARN_CONSTANT_CONVERSION = YES;
				CLANG_WARN_DEPRECATED_OBJC_IMPLEMENTATIONS = YES;
				CLANG_WARN_DIRECT_OBJC_ISA_USAGE = YES_ERROR;
				CLANG_WARN_DOCUMENTATION_COMMENTS = YES;
				CLANG_WARN_EMPTY_BODY = YES;
				CLANG_WARN_ENUM_CONVERSION = YES;
				CLANG_WARN_INFINITE_RECURSION = YES;
				CLANG_WARN_INT_CONVERSION = YES;
				CLANG_WARN_NON_LITERAL_NULL_CONVERSION = YES;
				CLANG_WARN_OBJC_IMPLICIT_RETAIN_SELF = YES;
				CLANG_WARN_OBJC_LITERAL_CONVERSION = YES;
				CLANG_WARN_OBJC_ROOT_CLASS = YES_ERROR;
				CLANG_WARN_QUOTED_INCLUDE_IN_FRAMEWORK_HEADER = YES;
				CLANG_WARN_RANGE_LOOP_ANALYSIS = YES;
				CLANG_WARN_STRICT_PROTOTYPES = YES;
				CLANG_WARN_SUSPICIOUS_MOVE = YES;
				CLANG_WARN_UNGUARDED_AVAILABILITY = YES_AGGRESSIVE;
				CLANG_WARN_UNREACHABLE_CODE = YES;
				CLANG_WARN__DUPLICATE_METHOD_MATCH = YES;
				COPY_PHASE_STRIP = NO;
				DEBUG_INFORMATION_FORMAT = "dwarf-with-dsym";
				ENABLE_NS_ASSERTIONS = NO;
				ENABLE_STRICT_OBJC_MSGSEND = YES;
				ENABLE_USER_SCRIPT_SANDBOXING = YES;
				GCC_C_LANGUAGE_STANDARD = gnu17;
				GCC_NO_COMMON_BLOCKS = YES;
				GCC_WARN_64_TO_32_BIT_CONVERSION = YES;
				GCC_WARN_ABOUT_RETURN_TYPE = YES_ERROR;
				GCC_WARN_UNDECLARED_SELECTOR = YES;
				GCC_WARN_UNINITIALIZED_AUTOS = YES_AGGRESSIVE;
				GCC_WARN_UNUSED_FUNCTION = YES;
				GCC_WARN_UNUSED_VARIABLE = YES;
				IPHONEOS_DEPLOYMENT_TARGET = 17.0;
				LOCALIZATION_PREFERS_STRING_CATALOGS = YES;
				MTL_ENABLE_DEBUG_INFO = NO;
				MTL_FAST_MATH = YES;
				SDKROOT = iphoneos;
				SWIFT_COMPILATION_MODE = wholemodule;
				VALIDATE_PRODUCT = YES;
			};
			name = Release;
		};
		D76756B62A7FCB43007FC1CC /* Debug */ = {
			isa = XCBuildConfiguration;
			buildSettings = {
				ASSETCATALOG_COMPILER_APPICON_NAME = AppIcon;
				ASSETCATALOG_COMPILER_GLOBAL_ACCENT_COLOR_NAME = AccentColor;
				CODE_SIGN_STYLE = Automatic;
				CURRENT_PROJECT_VERSION = 1;
				DEVELOPMENT_TEAM = MTB9Y65APQ;
				GENERATE_INFOPLIST_FILE = YES;
				INFOPLIST_FILE = PsycholTest/Info.plist;
				INFOPLIST_KEY_UIApplicationSupportsIndirectInputEvents = YES;
				INFOPLIST_KEY_UILaunchStoryboardName = LaunchScreen;
				INFOPLIST_KEY_UIMainStoryboardFile = Main;
				INFOPLIST_KEY_UISupportedInterfaceOrientations_iPad = "UIInterfaceOrientationPortrait UIInterfaceOrientationPortraitUpsideDown UIInterfaceOrientationLandscapeLeft UIInterfaceOrientationLandscapeRight";
				INFOPLIST_KEY_UISupportedInterfaceOrientations_iPhone = "UIInterfaceOrientationPortrait UIInterfaceOrientationLandscapeLeft UIInterfaceOrientationLandscapeRight";
				LD_RUNPATH_SEARCH_PATHS = (
					"$(inherited)",
					"@executable_path/Frameworks",
				);
				MARKETING_VERSION = 1.0;
				PRODUCT_BUNDLE_IDENTIFIER = com.wiplala.PsycholTest;
				PRODUCT_NAME = "$(TARGET_NAME)";
				SWIFT_EMIT_LOC_STRINGS = YES;
				SWIFT_VERSION = 5.0;
				TARGETED_DEVICE_FAMILY = "1,2";
			};
			name = Debug;
		};
		D76756B72A7FCB43007FC1CC /* Release */ = {
			isa = XCBuildConfiguration;
			buildSettings = {
				ASSETCATALOG_COMPILER_APPICON_NAME = AppIcon;
				ASSETCATALOG_COMPILER_GLOBAL_ACCENT_COLOR_NAME = AccentColor;
				CODE_SIGN_STYLE = Automatic;
				CURRENT_PROJECT_VERSION = 1;
				DEVELOPMENT_TEAM = MTB9Y65APQ;
				GENERATE_INFOPLIST_FILE = YES;
				INFOPLIST_FILE = PsycholTest/Info.plist;
				INFOPLIST_KEY_UIApplicationSupportsIndirectInputEvents = YES;
				INFOPLIST_KEY_UILaunchStoryboardName = LaunchScreen;
				INFOPLIST_KEY_UIMainStoryboardFile = Main;
				INFOPLIST_KEY_UISupportedInterfaceOrientations_iPad = "UIInterfaceOrientationPortrait UIInterfaceOrientationPortraitUpsideDown UIInterfaceOrientationLandscapeLeft UIInterfaceOrientationLandscapeRight";
				INFOPLIST_KEY_UISupportedInterfaceOrientations_iPhone = "UIInterfaceOrientationPortrait UIInterfaceOrientationLandscapeLeft UIInterfaceOrientationLandscapeRight";
				LD_RUNPATH_SEARCH_PATHS = (
					"$(inherited)",
					"@executable_path/Frameworks",
				);
				MARKETING_VERSION = 1.0;
				PRODUCT_BUNDLE_IDENTIFIER = com.wiplala.PsycholTest;
				PRODUCT_NAME = "$(TARGET_NAME)";
				SWIFT_EMIT_LOC_STRINGS = YES;
				SWIFT_VERSION = 5.0;
				TARGETED_DEVICE_FAMILY = "1,2";
			};
			name = Release;
		};
/* End XCBuildConfiguration section */

/* Begin XCConfigurationList section */
		D767569C2A7FCB41007FC1CC /* Build configuration list for PBXProject "PsycholTest" */ = {
			isa = XCConfigurationList;
			buildConfigurations = (
				D76756B32A7FCB43007FC1CC /* Debug */,
				D76756B42A7FCB43007FC1CC /* Release */,
			);
			defaultConfigurationIsVisible = 0;
			defaultConfigurationName = Release;
		};
		D76756B52A7FCB43007FC1CC /* Build configuration list for PBXNativeTarget "PsycholTest" */ = {
			isa = XCConfigurationList;
			buildConfigurations = (
				D76756B62A7FCB43007FC1CC /* Debug */,
				D76756B72A7FCB43007FC1CC /* Release */,
			);
			defaultConfigurationIsVisible = 0;
			defaultConfigurationName = Release;
		};
/* End XCConfigurationList section */
	};
	rootObject = D76756992A7FCB41007FC1CC /* Project object */;
}
